
Microsoft Visual Studio Solution File, Format Version 12.00
# Visual Studio Version 17
VisualStudioVersion = 17.3.32825.248
MinimumVisualStudioVersion = 10.0.40219.1
Project("{FAE04EC0-301F-11D3-BF4B-00C04F79EFBC}") = "Wpf_Final_project", "Wpf_Final_project.csproj", "{6BA8E63A-FEE2-4983-9751-2903C7B2457D}"
EndProject
Global
	GlobalSection(SolutionConfigurationPlatforms) = preSolution
		Debug|Any CPU = Debug|Any CPU
		Release|Any CPU = Release|Any CPU
	EndGlobalSection
	GlobalSection(ProjectConfigurationPlatforms) = postSolution
		{6BA8E63A-FEE2-4983-9751-2903C7B2457D}.Debug|Any CPU.ActiveCfg = Debug|Any CPU
		{6BA8E63A-FEE2-4983-9751-2903C7B2457D}.Debug|Any CPU.Build.0 = Debug|Any CPU
		{6BA8E63A-FEE2-4983-9751-2903C7B2457D}.Release|Any CPU.ActiveCfg = Release|Any CPU
		{6BA8E63A-FEE2-4983-9751-2903C7B2457D}.Release|Any CPU.Build.0 = Release|Any CPU
	EndGlobalSection
	GlobalSection(SolutionProperties) = preSolution
		HideSolutionNode = FALSE
	EndGlobalSection
	GlobalSection(ExtensibilityGlobals) = postSolution
		SolutionGuid = {51963518-B155-44E7-81DE-D7444DF9841A}
	EndGlobalSection
EndGlobal
